
Microsoft Visual Studio Solution File, Format Version 12.00
# Visual Studio Version 16
VisualStudioVersion = 16.0.31624.102
MinimumVisualStudioVersion = 10.0.40219.1
Project("{8BC9CEB8-8B4A-11D0-8D11-00A0C91BC942}") = "Lab6_struktury_sekcja06", "Lab6_struktury_sekcja06.vcxproj", "{40EF303D-48AE-4E81-9747-68A7191DD4A6}"
EndProject
Global
	GlobalSection(SolutionConfigurationPlatforms) = preSolution
		Debug|x64 = Debug|x64
		Debug|x86 = Debug|x86
		Release|x64 = Release|x64
		Release|x86 = Release|x86
	EndGlobalSection
	GlobalSection(ProjectConfigurationPlatforms) = postSolution
		{40EF303D-48AE-4E81-9747-68A7191DD4A6}.Debug|x64.ActiveCfg = Debug|x64
		{40EF303D-48AE-4E81-9747-68A7191DD4A6}.Debug|x64.Build.0 = Debug|x64
		{40EF303D-48AE-4E81-9747-68A7191DD4A6}.Debug|x86.ActiveCfg = Debug|Win32
		{40EF303D-48AE-4E81-9747-68A7191DD4A6}.Debug|x86.Build.0 = Debug|Win32
		{40EF303D-48AE-4E81-9747-68A7191DD4A6}.Release|x64.ActiveCfg = Release|x64
		{40EF303D-48AE-4E81-9747-68A7191DD4A6}.Release|x64.Build.0 = Release|x64
		{40EF303D-48AE-4E81-9747-68A7191DD4A6}.Release|x86.ActiveCfg = Release|Win32
		{40EF303D-48AE-4E81-9747-68A7191DD4A6}.Release|x86.Build.0 = Release|Win32
	EndGlobalSection
	GlobalSection(SolutionProperties) = preSolution
		HideSolutionNode = FALSE
	EndGlobalSection
	GlobalSection(ExtensibilityGlobals) = postSolution
		SolutionGuid = {CD448A1C-C482-4C13-A477-0C0EC598112A}
	EndGlobalSection
EndGlobal
